
Microsoft Visual Studio Solution File, Format Version 12.00
# Visual Studio Version 17
VisualStudioVersion = 17.9.34622.214
MinimumVisualStudioVersion = 10.0.40219.1
Project("{FAE04EC0-301F-11D3-BF4B-00C04F79EFBC}") = "Api", "Api.csproj", "{67D6FAF0-D5E8-4AB7-BA9F-BB0359AC385C}"
EndProject
Project("{FAE04EC0-301F-11D3-BF4B-00C04F79EFBC}") = "Core", "..\Core\Core.csproj", "{420EF2E7-5911-41C7-B69B-846740013518}"
EndProject
Project("{FAE04EC0-301F-11D3-BF4B-00C04F79EFBC}") = "Infrastructure", "..\Infrastructure\Infrastructure.csproj", "{3D828BF2-1309-4EE1-9923-4822781C79A5}"
EndProject
Global
	GlobalSection(SolutionConfigurationPlatforms) = preSolution
		Debug|Any CPU = Debug|Any CPU
		Release|Any CPU = Release|Any CPU
	EndGlobalSection
	GlobalSection(ProjectConfigurationPlatforms) = postSolution
		{67D6FAF0-D5E8-4AB7-BA9F-BB0359AC385C}.Debug|Any CPU.ActiveCfg = Debug|Any CPU
		{67D6FAF0-D5E8-4AB7-BA9F-BB0359AC385C}.Debug|Any CPU.Build.0 = Debug|Any CPU
		{67D6FAF0-D5E8-4AB7-BA9F-BB0359AC385C}.Release|Any CPU.ActiveCfg = Release|Any CPU
		{67D6FAF0-D5E8-4AB7-BA9F-BB0359AC385C}.Release|Any CPU.Build.0 = Release|Any CPU
		{420EF2E7-5911-41C7-B69B-846740013518}.Debug|Any CPU.ActiveCfg = Debug|Any CPU
		{420EF2E7-5911-41C7-B69B-846740013518}.Debug|Any CPU.Build.0 = Debug|Any CPU
		{420EF2E7-5911-41C7-B69B-846740013518}.Release|Any CPU.ActiveCfg = Release|Any CPU
		{420EF2E7-5911-41C7-B69B-846740013518}.Release|Any CPU.Build.0 = Release|Any CPU
		{3D828BF2-1309-4EE1-9923-4822781C79A5}.Debug|Any CPU.ActiveCfg = Debug|Any CPU
		{3D828BF2-1309-4EE1-9923-4822781C79A5}.Debug|Any CPU.Build.0 = Debug|Any CPU
		{3D828BF2-1309-4EE1-9923-4822781C79A5}.Release|Any CPU.ActiveCfg = Release|Any CPU
		{3D828BF2-1309-4EE1-9923-4822781C79A5}.Release|Any CPU.Build.0 = Release|Any CPU
	EndGlobalSection
	GlobalSection(SolutionProperties) = preSolution
		HideSolutionNode = FALSE
	EndGlobalSection
	GlobalSection(ExtensibilityGlobals) = postSolution
		SolutionGuid = {ABD95ABC-B6C5-423B-B9E8-FD3C687C1E21}
	EndGlobalSection
EndGlobal
